
Microsoft Visual Studio Solution File, Format Version 12.00
# Visual Studio Version 17
VisualStudioVersion = 17.0.32112.339
MinimumVisualStudioVersion = 10.0.40219.1
Project("{FAE04EC0-301F-11D3-BF4B-00C04F79EFBC}") = "Ex_Leitura_Arquivo", "Ex_Leitura_Arquivo.csproj", "{64B84FF8-4AFF-4301-B6AF-E2BBACB99F74}"
EndProject
Global
	GlobalSection(SolutionConfigurationPlatforms) = preSolution
		Debug|Any CPU = Debug|Any CPU
		Release|Any CPU = Release|Any CPU
	EndGlobalSection
	GlobalSection(ProjectConfigurationPlatforms) = postSolution
		{64B84FF8-4AFF-4301-B6AF-E2BBACB99F74}.Debug|Any CPU.ActiveCfg = Debug|Any CPU
		{64B84FF8-4AFF-4301-B6AF-E2BBACB99F74}.Debug|Any CPU.Build.0 = Debug|Any CPU
		{64B84FF8-4AFF-4301-B6AF-E2BBACB99F74}.Release|Any CPU.ActiveCfg = Release|Any CPU
		{64B84FF8-4AFF-4301-B6AF-E2BBACB99F74}.Release|Any CPU.Build.0 = Release|Any CPU
	EndGlobalSection
	GlobalSection(SolutionProperties) = preSolution
		HideSolutionNode = FALSE
	EndGlobalSection
	GlobalSection(ExtensibilityGlobals) = postSolution
		SolutionGuid = {6E7D03C7-1C0C-4BE5-8793-E4A73CA9A1F4}
	EndGlobalSection
EndGlobal
